
Microsoft Visual Studio Solution File, Format Version 12.00
# Visual Studio Version 17
VisualStudioVersion = 17.8.34525.116
MinimumVisualStudioVersion = 10.0.40219.1
Project("{FAE04EC0-301F-11D3-BF4B-00C04F79EFBC}") = "ProjetoQuad", "ProjetoQuad.csproj", "{FC418643-4C88-403B-ACF8-BAE43E5FD668}"
EndProject
Global
	GlobalSection(SolutionConfigurationPlatforms) = preSolution
		Debug|Any CPU = Debug|Any CPU
		Release|Any CPU = Release|Any CPU
	EndGlobalSection
	GlobalSection(ProjectConfigurationPlatforms) = postSolution
		{FC418643-4C88-403B-ACF8-BAE43E5FD668}.Debug|Any CPU.ActiveCfg = Debug|Any CPU
		{FC418643-4C88-403B-ACF8-BAE43E5FD668}.Debug|Any CPU.Build.0 = Debug|Any CPU
		{FC418643-4C88-403B-ACF8-BAE43E5FD668}.Release|Any CPU.ActiveCfg = Release|Any CPU
		{FC418643-4C88-403B-ACF8-BAE43E5FD668}.Release|Any CPU.Build.0 = Release|Any CPU
	EndGlobalSection
	GlobalSection(SolutionProperties) = preSolution
		HideSolutionNode = FALSE
	EndGlobalSection
	GlobalSection(ExtensibilityGlobals) = postSolution
		SolutionGuid = {75848DA0-A42E-4AB4-A299-C5D65E5AA953}
	EndGlobalSection
EndGlobal
